// !$*UTF8*$!
{
	archiveVersion = 1;
	classes = {
	};
	objectVersion = 46;
	objects = {

/* Begin PBXBuildFile section */
		AE70BB661EA5EEC500161924 /* main.m in Sources */ = {isa = PBXBuildFile; fileRef = AE70BB651EA5EEC500161924 /* main.m */; };
		AE70BB691EA5EEC500161924 /* AppDelegate.m in Sources */ = {isa = PBXBuildFile; fileRef = AE70BB681EA5EEC500161924 /* AppDelegate.m */; };
		AE70BB6F1EA5EEC500161924 /* Main.storyboard in Resources */ = {isa = PBXBuildFile; fileRef = AE70BB6D1EA5EEC500161924 /* Main.storyboard */; };
		AE70BB711EA5EEC500161924 /* Assets.xcassets in Resources */ = {isa = PBXBuildFile; fileRef = AE70BB701EA5EEC500161924 /* Assets.xcassets */; };
		AE70BB741EA5EEC500161924 /* LaunchScreen.storyboard in Resources */ = {isa = PBXBuildFile; fileRef = AE70BB721EA5EEC500161924 /* LaunchScreen.storyboard */; };
		AE70BB821EA5EFEC00161924 /* QFHKNavigationController.m in Sources */ = {isa = PBXBuildFile; fileRef = AE70BB811EA5EFEC00161924 /* QFHKNavigationController.m */; };
		AE70BB871EA5F00200161924 /* CHTPopViewController.m in Sources */ = {isa = PBXBuildFile; fileRef = AE70BB841EA5F00200161924 /* CHTPopViewController.m */; };
		AE70BB881EA5F00200161924 /* CHTViewController.m in Sources */ = {isa = PBXBuildFile; fileRef = AE70BB861EA5F00200161924 /* CHTViewController.m */; };
/* End PBXBuildFile section */

/* Begin PBXFileReference section */
		AE70BB611EA5EEC500161924 /* CHTNavigationControllerBugDemo.app */ = {isa = PBXFileReference; explicitFileType = wrapper.application; includeInIndex = 0; path = CHTNavigationControllerBugDemo.app; sourceTree = BUILT_PRODUCTS_DIR; };
		AE70BB651EA5EEC500161924 /* main.m */ = {isa = PBXFileReference; lastKnownFileType = sourcecode.c.objc; path = main.m; sourceTree = "<group>"; };
		AE70BB671EA5EEC500161924 /* AppDelegate.h */ = {isa = PBXFileReference; lastKnownFileType = sourcecode.c.h; path = AppDelegate.h; sourceTree = "<group>"; };
		AE70BB681EA5EEC500161924 /* AppDelegate.m */ = {isa = PBXFileReference; lastKnownFileType = sourcecode.c.objc; path = AppDelegate.m; sourceTree = "<group>"; };
		AE70BB6E1EA5EEC500161924 /* Base */ = {isa = PBXFileReference; lastKnownFileType = file.storyboard; name = Base; path = Base.lproj/Main.storyboard; sourceTree = "<group>"; };
		AE70BB701EA5EEC500161924 /* Assets.xcassets */ = {isa = PBXFileReference; lastKnownFileType = folder.assetcatalog; path = Assets.xcassets; sourceTree = "<group>"; };
		AE70BB731EA5EEC500161924 /* Base */ = {isa = PBXFileReference; lastKnownFileType = file.storyboard; name = Base; path = Base.lproj/LaunchScreen.storyboard; sourceTree = "<group>"; };
		AE70BB751EA5EEC500161924 /* Info.plist */ = {isa = PBXFileReference; lastKnownFileType = text.plist.xml; path = Info.plist; sourceTree = "<group>"; };
		AE70BB801EA5EFEC00161924 /* QFHKNavigationController.h */ = {isa = PBXFileReference; fileEncoding = 4; lastKnownFileType = sourcecode.c.h; path = QFHKNavigationController.h; sourceTree = "<group>"; };
		AE70BB811EA5EFEC00161924 /* QFHKNavigationController.m */ = {isa = PBXFileReference; fileEncoding = 4; lastKnownFileType = sourcecode.c.objc; path = QFHKNavigationController.m; sourceTree = "<group>"; };
		AE70BB831EA5F00200161924 /* CHTPopViewController.h */ = {isa = PBXFileReference; fileEncoding = 4; lastKnownFileType = sourcecode.c.h; path = CHTPopViewController.h; sourceTree = "<group>"; };
		AE70BB841EA5F00200161924 /* CHTPopViewController.m */ = {isa = PBXFileReference; fileEncoding = 4; lastKnownFileType = sourcecode.c.objc; path = CHTPopViewController.m; sourceTree = "<group>"; };
		AE70BB851EA5F00200161924 /* CHTViewController.h */ = {isa = PBXFileReference; fileEncoding = 4; lastKnownFileType = sourcecode.c.h; path = CHTViewController.h; sourceTree = "<group>"; };
		AE70BB861EA5F00200161924 /* CHTViewController.m */ = {isa = PBXFileReference; fileEncoding = 4; lastKnownFileType = sourcecode.c.objc; path = CHTViewController.m; sourceTree = "<group>"; };
/* End PBXFileReference section */

/* Begin PBXFrameworksBuildPhase section */
		AE70BB5E1EA5EEC500161924 /* Frameworks */ = {
			isa = PBXFrameworksBuildPhase;
			buildActionMask = 2147483647;
			files = (
			);
			runOnlyForDeploymentPostprocessing = 0;
		};
/* End PBXFrameworksBuildPhase section */

/* Begin PBXGroup section */
		AE70BB581EA5EEC500161924 = {
			isa = PBXGroup;
			children = (
				AE70BB631EA5EEC500161924 /* CHTNavigationControllerBugDemo */,
				AE70BB621EA5EEC500161924 /* Products */,
			);
			sourceTree = "<group>";
		};
		AE70BB621EA5EEC500161924 /* Products */ = {
			isa = PBXGroup;
			children = (
				AE70BB611EA5EEC500161924 /* CHTNavigationControllerBugDemo.app */,
			);
			name = Products;
			sourceTree = "<group>";
		};
		AE70BB631EA5EEC500161924 /* CHTNavigationControllerBugDemo */ = {
			isa = PBXGroup;
			children = (
				AE70BB7F1EA5EFEC00161924 /* CHTNavigationController */,
				AE70BB671EA5EEC500161924 /* AppDelegate.h */,
				AE70BB681EA5EEC500161924 /* AppDelegate.m */,
				AE70BB831EA5F00200161924 /* CHTPopViewController.h */,
				AE70BB841EA5F00200161924 /* CHTPopViewController.m */,
				AE70BB851EA5F00200161924 /* CHTViewController.h */,
				AE70BB861EA5F00200161924 /* CHTViewController.m */,
				AE70BB6D1EA5EEC500161924 /* Main.storyboard */,
				AE70BB701EA5EEC500161924 /* Assets.xcassets */,
				AE70BB721EA5EEC500161924 /* LaunchScreen.storyboard */,
				AE70BB751EA5EEC500161924 /* Info.plist */,
				AE70BB641EA5EEC500161924 /* Supporting Files */,
			);
			path = CHTNavigationControllerBugDemo;
			sourceTree = "<group>";
		};
		AE70BB641EA5EEC500161924 /* Supporting Files */ = {
			isa = PBXGroup;
			children = (
				AE70BB651EA5EEC500161924 /* main.m */,
			);
			name = "Supporting Files";
			sourceTree = "<group>";
		};
		AE70BB7F1EA5EFEC00161924 /* CHTNavigationController */ = {
			isa = PBXGroup;
			children = (
				AE70BB801EA5EFEC00161924 /* QFHKNavigationController.h */,
				AE70BB811EA5EFEC00161924 /* QFHKNavigationController.m */,
			);
			path = CHTNavigationController;
			sourceTree = "<group>";
		};
/* End PBXGroup section */

/* Begin PBXNativeTarget section */
		AE70BB601EA5EEC500161924 /* CHTNavigationControllerBugDemo */ = {
			isa = PBXNativeTarget;
			buildConfigurationList = AE70BB781EA5EEC500161924 /* Build configuration list for PBXNativeTarget "CHTNavigationControllerBugDemo" */;
			buildPhases = (
				AE70BB5D1EA5EEC500161924 /* Sources */,
				AE70BB5E1EA5EEC500161924 /* Frameworks */,
				AE70BB5F1EA5EEC500161924 /* Resources */,
			);
			buildRules = (
			);
			dependencies = (
			);
			name = CHTNavigationControllerBugDemo;
			productName = CHTNavigationControllerBugDemo;
			productReference = AE70BB611EA5EEC500161924 /* CHTNavigationControllerBugDemo.app */;
			productType = "com.apple.product-type.application";
		};
/* End PBXNativeTarget section */

/* Begin PBXProject section */
		AE70BB591EA5EEC500161924 /* Project object */ = {
			isa = PBXProject;
			attributes = {
				LastUpgradeCheck = 0830;
				ORGANIZATIONNAME = cht;
				TargetAttributes = {
					AE70BB601EA5EEC500161924 = {
						CreatedOnToolsVersion = 8.3;
						DevelopmentTeam = FFC2UUU5W6;
						ProvisioningStyle = Automatic;
					};
				};
			};
			buildConfigurationList = AE70BB5C1EA5EEC500161924 /* Build configuration list for PBXProject "CHTNavigationControllerBugDemo" */;
			compatibilityVersion = "Xcode 3.2";
			developmentRegion = English;
			hasScannedForEncodings = 0;
			knownRegions = (
				en,
				Base,
			);
			mainGroup = AE70BB581EA5EEC500161924;
			productRefGroup = AE70BB621EA5EEC500161924 /* Products */;
			projectDirPath = "";
			projectRoot = "";
			targets = (
				AE70BB601EA5EEC500161924 /* CHTNavigationControllerBugDemo */,
			);
		};
/* End PBXProject section */

/* Begin PBXResourcesBuildPhase section */
		AE70BB5F1EA5EEC500161924 /* Resources */ = {
			isa = PBXResourcesBuildPhase;
			buildActionMask = 2147483647;
			files = (
				AE70BB741EA5EEC500161924 /* LaunchScreen.storyboard in Resources */,
				AE70BB711EA5EEC500161924 /* Assets.xcassets in Resources */,
				AE70BB6F1EA5EEC500161924 /* Main.storyboard in Resources */,
			);
			runOnlyForDeploymentPostprocessing = 0;
		};
/* End PBXResourcesBuildPhase section */

/* Begin PBXSourcesBuildPhase section */
		AE70BB5D1EA5EEC500161924 /* Sources */ = {
			isa = PBXSourcesBuildPhase;
			buildActionMask = 2147483647;
			files = (
				AE70BB691EA5EEC500161924 /* AppDelegate.m in Sources */,
				AE70BB661EA5EEC500161924 /* main.m in Sources */,
				AE70BB881EA5F00200161924 /* CHTViewController.m in Sources */,
				AE70BB871EA5F00200161924 /* CHTPopViewController.m in Sources */,
				AE70BB821EA5EFEC00161924 /* QFHKNavigationController.m in Sources */,
			);
			runOnlyForDeploymentPostprocessing = 0;
		};
/* End PBXSourcesBuildPhase section */

/* Begin PBXVariantGroup section */
		AE70BB6D1EA5EEC500161924 /* Main.storyboard */ = {
			isa = PBXVariantGroup;
			children = (
				AE70BB6E1EA5EEC500161924 /* Base */,
			);
			name = Main.storyboard;
			sourceTree = "<group>";
		};
		AE70BB721EA5EEC500161924 /* LaunchScreen.storyboard */ = {
			isa = PBXVariantGroup;
			children = (
				AE70BB731EA5EEC500161924 /* Base */,
			);
			name = LaunchScreen.storyboard;
			sourceTree = "<group>";
		};
/* End PBXVariantGroup section */

/* Begin XCBuildConfiguration section */
		AE70BB761EA5EEC500161924 /* Debug */ = {
			isa = XCBuildConfiguration;
			buildSettings = {
				ALWAYS_SEARCH_USER_PATHS = NO;
				CLANG_ANALYZER_NONNULL = YES;
				CLANG_ANALYZER_NUMBER_OBJECT_CONVERSION = YES_AGGRESSIVE;
				CLANG_CXX_LANGUAGE_STANDARD = "gnu++0x";
				CLANG_CXX_LIBRARY = "libc++";
				CLANG_ENABLE_MODULES = YES;
				CLANG_ENABLE_OBJC_ARC = YES;
				CLANG_WARN_BOOL_CONVERSION = YES;
				CLANG_WARN_CONSTANT_CONVERSION = YES;
				CLANG_WARN_DIRECT_OBJC_ISA_USAGE = YES_ERROR;
				CLANG_WARN_DOCUMENTATION_COMMENTS = YES;
				CLANG_WARN_EMPTY_BODY = YES;
				CLANG_WARN_ENUM_CONVERSION = YES;
				CLANG_WARN_INFINITE_RECURSION = YES;
				CLANG_WARN_INT_CONVERSION = YES;
				CLANG_WARN_OBJC_ROOT_CLASS = YES_ERROR;
				CLANG_WARN_SUSPICIOUS_MOVE = YES;
				CLANG_WARN_UNREACHABLE_CODE = YES;
				CLANG_WARN__DUPLICATE_METHOD_MATCH = YES;
				"CODE_SIGN_IDENTITY[sdk=iphoneos*]" = "iPhone Developer";
				COPY_PHASE_STRIP = NO;
				DEBUG_INFORMATION_FORMAT = dwarf;
				ENABLE_STRICT_OBJC_MSGSEND = YES;
				ENABLE_TESTABILITY = YES;
				GCC_C_LANGUAGE_STANDARD = gnu99;
				GCC_DYNAMIC_NO_PIC = NO;
				GCC_NO_COMMON_BLOCKS = YES;
				GCC_OPTIMIZATION_LEVEL = 0;
				GCC_PREPROCESSOR_DEFINITIONS = (
					"DEBUG=1",
					"$(inherited)",
				);
				GCC_WARN_64_TO_32_BIT_CONVERSION = YES;
				GCC_WARN_ABOUT_RETURN_TYPE = YES_ERROR;
				GCC_WARN_UNDECLARED_SELECTOR = YES;
				GCC_WARN_UNINITIALIZED_AUTOS = YES_AGGRESSIVE;
				GCC_WARN_UNUSED_FUNCTION = YES;
				GCC_WARN_UNUSED_VARIABLE = YES;
				IPHONEOS_DEPLOYMENT_TARGET = 10.3;
				MTL_ENABLE_DEBUG_INFO = YES;
				ONLY_ACTIVE_ARCH = YES;
				SDKROOT = iphoneos;
			};
			name = Debug;
		};
		AE70BB771EA5EEC500161924 /* Release */ = {
			isa = XCBuildConfiguration;
			buildSettings = {
				ALWAYS_SEARCH_USER_PATHS = NO;
				CLANG_ANALYZER_NONNULL = YES;
				CLANG_ANALYZER_NUMBER_OBJECT_CONVERSION = YES_AGGRESSIVE;
				CLANG_CXX_LANGUAGE_STANDARD = "gnu++0x";
				CLANG_CXX_LIBRARY = "libc++";
				CLANG_ENABLE_MODULES = YES;
				CLANG_ENABLE_OBJC_ARC = YES;
				CLANG_WARN_BOOL_CONVERSION = YES;
				CLANG_WARN_CONSTANT_CONVERSION = YES;
				CLANG_WARN_DIRECT_OBJC_ISA_USAGE = YES_ERROR;
				CLANG_WARN_DOCUMENTATION_COMMENTS = YES;
				CLANG_WARN_EMPTY_BODY = YES;
				CLANG_WARN_ENUM_CONVERSION = YES;
				CLANG_WARN_INFINITE_RECURSION = YES;
				CLANG_WARN_INT_CONVERSION = YES;
				CLANG_WARN_OBJC_ROOT_CLASS = YES_ERROR;
				CLANG_WARN_SUSPICIOUS_MOVE = YES;
				CLANG_WARN_UNREACHABLE_CODE = YES;
				CLANG_WARN__DUPLICATE_METHOD_MATCH = YES;
				"CODE_SIGN_IDENTITY[sdk=iphoneos*]" = "iPhone Developer";
				COPY_PHASE_STRIP = NO;
				DEBUG_INFORMATION_FORMAT = "dwarf-with-dsym";
				ENABLE_NS_ASSERTIONS = NO;
				ENABLE_STRICT_OBJC_MSGSEND = YES;
				GCC_C_LANGUAGE_STANDARD = gnu99;
				GCC_NO_COMMON_BLOCKS = YES;
				GCC_WARN_64_TO_32_BIT_CONVERSION = YES;
				GCC_WARN_ABOUT_RETURN_TYPE = YES_ERROR;
				GCC_WARN_UNDECLARED_SELECTOR = YES;
				GCC_WARN_UNINITIALIZED_AUTOS = YES_AGGRESSIVE;
				GCC_WARN_UNUSED_FUNCTION = YES;
				GCC_WARN_UNUSED_VARIABLE = YES;
				IPHONEOS_DEPLOYMENT_TARGET = 10.3;
				MTL_ENABLE_DEBUG_INFO = NO;
				SDKROOT = iphoneos;
				VALIDATE_PRODUCT = YES;
			};
			name = Release;
		};
		AE70BB791EA5EEC500161924 /* Debug */ = {
			isa = XCBuildConfiguration;
			buildSettings = {
				ASSETCATALOG_COMPILER_APPICON_NAME = AppIcon;
				DEVELOPMENT_TEAM = FFC2UUU5W6;
				INFOPLIST_FILE = CHTNavigationControllerBugDemo/Info.plist;
				IPHONEOS_DEPLOYMENT_TARGET = 8.0;
				LD_RUNPATH_SEARCH_PATHS = "$(inherited) @executable_path/Frameworks";
				PRODUCT_BUNDLE_IDENTIFIER = CHT.CHTNavigationControllerBugDemo;
				PRODUCT_NAME = "$(TARGET_NAME)";
			};
			name = Debug;
		};
		AE70BB7A1EA5EEC500161924 /* Release */ = {
			isa = XCBuildConfiguration;
			buildSettings = {
				ASSETCATALOG_COMPILER_APPICON_NAME = AppIcon;
				DEVELOPMENT_TEAM = FFC2UUU5W6;
				INFOPLIST_FILE = CHTNavigationControllerBugDemo/Info.plist;
				IPHONEOS_DEPLOYMENT_TARGET = 8.0;
				LD_RUNPATH_SEARCH_PATHS = "$(inherited) @executable_path/Frameworks";
				PRODUCT_BUNDLE_IDENTIFIER = CHT.CHTNavigationControllerBugDemo;
				PRODUCT_NAME = "$(TARGET_NAME)";
			};
			name = Release;
		};
/* End XCBuildConfiguration section */

/* Begin XCConfigurationList section */
		AE70BB5C1EA5EEC500161924 /* Build configuration list for PBXProject "CHTNavigationControllerBugDemo" */ = {
			isa = XCConfigurationList;
			buildConfigurations = (
				AE70BB761EA5EEC500161924 /* Debug */,
				AE70BB771EA5EEC500161924 /* Release */,
			);
			defaultConfigurationIsVisible = 0;
			defaultConfigurationName = Release;
		};
		AE70BB781EA5EEC500161924 /* Build configuration list for PBXNativeTarget "CHTNavigationControllerBugDemo" */ = {
			isa = XCConfigurationList;
			buildConfigurations = (
				AE70BB791EA5EEC500161924 /* Debug */,
				AE70BB7A1EA5EEC500161924 /* Release */,
			);
			defaultConfigurationIsVisible = 0;
		};
/* End XCConfigurationList section */
	};
	rootObject = AE70BB591EA5EEC500161924 /* Project object */;
}
